// !$*UTF8*$!
{
	archiveVersion = 1;
	classes = {
	};
	objectVersion = 46;
	objects = {

/* Begin PBXBuildFile section */
		8D11072F0486CEB800E47090 /* Cocoa.framework in Frameworks */ = {isa = PBXBuildFile; fileRef = 1058C7A1FEA54F0111CA2CBB /* Cocoa.framework */; };
		F667563711F99DC200EEC8E1 /* KonocoMapKit.framework in Frameworks */ = {isa = PBXBuildFile; fileRef = F667562C11F99C9700EEC8E1 /* KonocoMapKit.framework */; };
		F667564811F99E9D00EEC8E1 /* CoreLocation.framework in Frameworks */ = {isa = PBXBuildFile; fileRef = F6D596591199F06A007E3C56 /* CoreLocation.framework */; };
		F667564911F99EAF00EEC8E1 /* QuartzCore.framework in Frameworks */ = {isa = PBXBuildFile; fileRef = F6DC7D7E116C8260005DE7F1 /* QuartzCore.framework */; };
		F667569111F9A31700EEC8E1 /* KonocoMapKit.h in Headers */ = {isa = PBXBuildFile; fileRef = F667569011F9A31700EEC8E1 /* KonocoMapKit.h */; settings = {ATTRIBUTES = (Public, ); }; };
		F667575411F9B51E00EEC8E1 /* CoreLocation.framework in Frameworks */ = {isa = PBXBuildFile; fileRef = F6D596591199F06A007E3C56 /* CoreLocation.framework */; };
		F6964EC2122D975000D490A6 /* KonocoCoordinateConverter.h in Headers */ = {isa = PBXBuildFile; fileRef = F6964EAD122D975000D490A6 /* KonocoCoordinateConverter.h */; settings = {ATTRIBUTES = (Public, ); }; };
		F6964EC3122D975000D490A6 /* KonocoCoordinateConverter.m in Sources */ = {isa = PBXBuildFile; fileRef = F6964EAE122D975000D490A6 /* KonocoCoordinateConverter.m */; };
		F6964EC4122D975000D490A6 /* KonocoCoordinateRegion.h in Headers */ = {isa = PBXBuildFile; fileRef = F6964EAF122D975000D490A6 /* KonocoCoordinateRegion.h */; settings = {ATTRIBUTES = (Public, ); }; };
		F6964EC5122D975000D490A6 /* KonocoMapTileSource.h in Headers */ = {isa = PBXBuildFile; fileRef = F6964EB1122D975000D490A6 /* KonocoMapTileSource.h */; };
		F6964EC6122D975000D490A6 /* KonocoMapTileSource.m in Sources */ = {isa = PBXBuildFile; fileRef = F6964EB2122D975000D490A6 /* KonocoMapTileSource.m */; };
		F6964EC7122D975000D490A6 /* KonocoTileSourceProtocol.h in Headers */ = {isa = PBXBuildFile; fileRef = F6964EB3122D975000D490A6 /* KonocoTileSourceProtocol.h */; };
		F6964EC8122D975000D490A6 /* KonocoMapLayer.h in Headers */ = {isa = PBXBuildFile; fileRef = F6964EB6122D975000D490A6 /* KonocoMapLayer.h */; };
		F6964EC9122D975000D490A6 /* KonocoMapLayer.m in Sources */ = {isa = PBXBuildFile; fileRef = F6964EB7122D975000D490A6 /* KonocoMapLayer.m */; };
		F6964ECA122D975000D490A6 /* KonocoHeatMapCell.h in Headers */ = {isa = PBXBuildFile; fileRef = F6964EB9122D975000D490A6 /* KonocoHeatMapCell.h */; };
		F6964ECB122D975000D490A6 /* KonocoHeatMapCell.m in Sources */ = {isa = PBXBuildFile; fileRef = F6964EBA122D975000D490A6 /* KonocoHeatMapCell.m */; };
		F6964ECC122D975000D490A6 /* KonocoHeatMapLayer.h in Headers */ = {isa = PBXBuildFile; fileRef = F6964EBB122D975000D490A6 /* KonocoHeatMapLayer.h */; };
		F6964ECD122D975000D490A6 /* KonocoHeatMapLayer.m in Sources */ = {isa = PBXBuildFile; fileRef = F6964EBC122D975000D490A6 /* KonocoHeatMapLayer.m */; };
		F6964ECE122D975000D490A6 /* KonocoHeatMapSample.h in Headers */ = {isa = PBXBuildFile; fileRef = F6964EBD122D975000D490A6 /* KonocoHeatMapSample.h */; settings = {ATTRIBUTES = (Public, ); }; };
		F6964ECF122D975000D490A6 /* KonocoHeatMapSample.m in Sources */ = {isa = PBXBuildFile; fileRef = F6964EBE122D975000D490A6 /* KonocoHeatMapSample.m */; };
		F6964ED0122D975000D490A6 /* KonocoMapView.h in Headers */ = {isa = PBXBuildFile; fileRef = F6964EC0122D975000D490A6 /* KonocoMapView.h */; settings = {ATTRIBUTES = (Public, ); }; };
		F6964ED1122D975000D490A6 /* KonocoMapView.m in Sources */ = {isa = PBXBuildFile; fileRef = F6964EC1122D975000D490A6 /* KonocoMapView.m */; };
		F6964F6B122D99A600D490A6 /* libproj.dylib in Frameworks */ = {isa = PBXBuildFile; fileRef = F6964F6A122D99A600D490A6 /* libproj.dylib */; };
		F6977776116F80650089854D /* AUTHORS in Resources */ = {isa = PBXBuildFile; fileRef = F6977775116F80650089854D /* AUTHORS */; };
		F697777A116F80920089854D /* COPYING in Resources */ = {isa = PBXBuildFile; fileRef = F6977779116F80920089854D /* COPYING */; };
		F6B0054712325F9C001DBD98 /* main.m in Sources */ = {isa = PBXBuildFile; fileRef = F6B0053D12325F9C001DBD98 /* main.m */; };
		F6B0054812325F9C001DBD98 /* MainMenu.xib in Resources */ = {isa = PBXBuildFile; fileRef = F6B0053E12325F9C001DBD98 /* MainMenu.xib */; };
		F6B0054912325F9C001DBD98 /* KonocoMapAppDelegate.m in Sources */ = {isa = PBXBuildFile; fileRef = F6B0054012325F9C001DBD98 /* KonocoMapAppDelegate.m */; };
		F6B0054A12325F9C001DBD98 /* KonocoMapWindow.xib in Resources */ = {isa = PBXBuildFile; fileRef = F6B0054312325F9C001DBD98 /* KonocoMapWindow.xib */; };
		F6B0054B12325F9C001DBD98 /* KonocoMapWindowController.m in Sources */ = {isa = PBXBuildFile; fileRef = F6B0054512325F9C001DBD98 /* KonocoMapWindowController.m */; };
/* End PBXBuildFile section */

/* Begin PBXContainerItemProxy section */
		F667563811F99DD600EEC8E1 /* PBXContainerItemProxy */ = {
			isa = PBXContainerItemProxy;
			containerPortal = 29B97313FDCFA39411CA2CEA /* Project object */;
			proxyType = 1;
			remoteGlobalIDString = F667562B11F99C9700EEC8E1;
			remoteInfo = MapKit;
		};
/* End PBXContainerItemProxy section */

/* Begin PBXFileReference section */
		1058C7A1FEA54F0111CA2CBB /* Cocoa.framework */ = {isa = PBXFileReference; lastKnownFileType = wrapper.framework; name = Cocoa.framework; path = /System/Library/Frameworks/Cocoa.framework; sourceTree = "<absolute>"; };
		29B97324FDCFA39411CA2CEA /* AppKit.framework */ = {isa = PBXFileReference; lastKnownFileType = wrapper.framework; name = AppKit.framework; path = /System/Library/Frameworks/AppKit.framework; sourceTree = "<absolute>"; };
		29B97325FDCFA39411CA2CEA /* Foundation.framework */ = {isa = PBXFileReference; lastKnownFileType = wrapper.framework; name = Foundation.framework; path = /System/Library/Frameworks/Foundation.framework; sourceTree = "<absolute>"; };
		8D1107320486CEB800E47090 /* KonocoMap.app */ = {isa = PBXFileReference; explicitFileType = wrapper.application; includeInIndex = 0; path = KonocoMap.app; sourceTree = BUILT_PRODUCTS_DIR; };
		F62EC56B11FDB37200607787 /* TODO.md */ = {isa = PBXFileReference; fileEncoding = 4; lastKnownFileType = text; path = TODO.md; sourceTree = "<group>"; };
		F62EC56C11FDB38200607787 /* README.md */ = {isa = PBXFileReference; fileEncoding = 4; lastKnownFileType = text; path = README.md; sourceTree = "<group>"; };
		F667562C11F99C9700EEC8E1 /* KonocoMapKit.framework */ = {isa = PBXFileReference; explicitFileType = wrapper.framework; includeInIndex = 0; path = KonocoMapKit.framework; sourceTree = BUILT_PRODUCTS_DIR; };
		F667563311F99CE800EEC8E1 /* Info.plist */ = {isa = PBXFileReference; fileEncoding = 4; lastKnownFileType = text.plist.xml; name = Info.plist; path = ../KonocoMapKit/Info.plist; sourceTree = "<group>"; };
		F667569011F9A31700EEC8E1 /* KonocoMapKit.h */ = {isa = PBXFileReference; fileEncoding = 4; lastKnownFileType = sourcecode.c.h; path = KonocoMapKit.h; sourceTree = "<group>"; };
		F66756E211F9AEF000EEC8E1 /* KonocoMapKit_Prefix.pch */ = {isa = PBXFileReference; fileEncoding = 4; lastKnownFileType = sourcecode.c.h; name = KonocoMapKit_Prefix.pch; path = ../KonocoMapKit/KonocoMapKit_Prefix.pch; sourceTree = "<group>"; };
		F6964EAD122D975000D490A6 /* KonocoCoordinateConverter.h */ = {isa = PBXFileReference; fileEncoding = 4; lastKnownFileType = sourcecode.c.h; path = KonocoCoordinateConverter.h; sourceTree = "<group>"; };
		F6964EAE122D975000D490A6 /* KonocoCoordinateConverter.m */ = {isa = PBXFileReference; fileEncoding = 4; lastKnownFileType = sourcecode.c.objc; path = KonocoCoordinateConverter.m; sourceTree = "<group>"; };
		F6964EAF122D975000D490A6 /* KonocoCoordinateRegion.h */ = {isa = PBXFileReference; fileEncoding = 4; lastKnownFileType = sourcecode.c.h; path = KonocoCoordinateRegion.h; sourceTree = "<group>"; };
		F6964EB1122D975000D490A6 /* KonocoMapTileSource.h */ = {isa = PBXFileReference; fileEncoding = 4; lastKnownFileType = sourcecode.c.h; path = KonocoMapTileSource.h; sourceTree = "<group>"; };
		F6964EB2122D975000D490A6 /* KonocoMapTileSource.m */ = {isa = PBXFileReference; fileEncoding = 4; lastKnownFileType = sourcecode.c.objc; path = KonocoMapTileSource.m; sourceTree = "<group>"; };
		F6964EB3122D975000D490A6 /* KonocoTileSourceProtocol.h */ = {isa = PBXFileReference; fileEncoding = 4; lastKnownFileType = sourcecode.c.h; path = KonocoTileSourceProtocol.h; sourceTree = "<group>"; };
		F6964EB6122D975000D490A6 /* KonocoMapLayer.h */ = {isa = PBXFileReference; fileEncoding = 4; lastKnownFileType = sourcecode.c.h; path = KonocoMapLayer.h; sourceTree = "<group>"; };
		F6964EB7122D975000D490A6 /* KonocoMapLayer.m */ = {isa = PBXFileReference; fileEncoding = 4; lastKnownFileType = sourcecode.c.objc; path = KonocoMapLayer.m; sourceTree = "<group>"; };
		F6964EB9122D975000D490A6 /* KonocoHeatMapCell.h */ = {isa = PBXFileReference; fileEncoding = 4; lastKnownFileType = sourcecode.c.h; path = KonocoHeatMapCell.h; sourceTree = "<group>"; };
		F6964EBA122D975000D490A6 /* KonocoHeatMapCell.m */ = {isa = PBXFileReference; fileEncoding = 4; lastKnownFileType = sourcecode.c.objc; path = KonocoHeatMapCell.m; sourceTree = "<group>"; };
		F6964EBB122D975000D490A6 /* KonocoHeatMapLayer.h */ = {isa = PBXFileReference; fileEncoding = 4; lastKnownFileType = sourcecode.c.h; path = KonocoHeatMapLayer.h; sourceTree = "<group>"; };
		F6964EBC122D975000D490A6 /* KonocoHeatMapLayer.m */ = {isa = PBXFileReference; fileEncoding = 4; lastKnownFileType = sourcecode.c.objc; path = KonocoHeatMapLayer.m; sourceTree = "<group>"; };
		F6964EBD122D975000D490A6 /* KonocoHeatMapSample.h */ = {isa = PBXFileReference; fileEncoding = 4; lastKnownFileType = sourcecode.c.h; path = KonocoHeatMapSample.h; sourceTree = "<group>"; };
		F6964EBE122D975000D490A6 /* KonocoHeatMapSample.m */ = {isa = PBXFileReference; fileEncoding = 4; lastKnownFileType = sourcecode.c.objc; path = KonocoHeatMapSample.m; sourceTree = "<group>"; };
		F6964EC0122D975000D490A6 /* KonocoMapView.h */ = {isa = PBXFileReference; fileEncoding = 4; lastKnownFileType = sourcecode.c.h; path = KonocoMapView.h; sourceTree = "<group>"; };
		F6964EC1122D975000D490A6 /* KonocoMapView.m */ = {isa = PBXFileReference; fileEncoding = 4; lastKnownFileType = sourcecode.c.objc; path = KonocoMapView.m; sourceTree = "<group>"; };
		F6964F6A122D99A600D490A6 /* libproj.dylib */ = {isa = PBXFileReference; lastKnownFileType = "compiled.mach-o.dylib"; name = libproj.dylib; path = usr/local/lib/libproj.dylib; sourceTree = SDKROOT; };
		F6977775116F80650089854D /* AUTHORS */ = {isa = PBXFileReference; fileEncoding = 4; lastKnownFileType = text; path = AUTHORS; sourceTree = "<group>"; };
		F6977779116F80920089854D /* COPYING */ = {isa = PBXFileReference; fileEncoding = 4; lastKnownFileType = text; path = COPYING; sourceTree = "<group>"; };
		F6B0053D12325F9C001DBD98 /* main.m */ = {isa = PBXFileReference; fileEncoding = 4; lastKnownFileType = sourcecode.c.objc; path = main.m; sourceTree = "<group>"; };
		F6B0053E12325F9C001DBD98 /* MainMenu.xib */ = {isa = PBXFileReference; lastKnownFileType = file.xib; path = MainMenu.xib; sourceTree = "<group>"; };
		F6B0053F12325F9C001DBD98 /* KonocoMapAppDelegate.h */ = {isa = PBXFileReference; fileEncoding = 4; lastKnownFileType = sourcecode.c.h; path = KonocoMapAppDelegate.h; sourceTree = "<group>"; };
		F6B0054012325F9C001DBD98 /* KonocoMapAppDelegate.m */ = {isa = PBXFileReference; fileEncoding = 4; lastKnownFileType = sourcecode.c.objc; path = KonocoMapAppDelegate.m; sourceTree = "<group>"; };
		F6B0054112325F9C001DBD98 /* KonocoMap_Prefix.pch */ = {isa = PBXFileReference; fileEncoding = 4; lastKnownFileType = sourcecode.c.h; path = KonocoMap_Prefix.pch; sourceTree = "<group>"; };
		F6B0054312325F9C001DBD98 /* KonocoMapWindow.xib */ = {isa = PBXFileReference; lastKnownFileType = file.xib; path = KonocoMapWindow.xib; sourceTree = "<group>"; };
		F6B0054412325F9C001DBD98 /* KonocoMapWindowController.h */ = {isa = PBXFileReference; fileEncoding = 4; lastKnownFileType = sourcecode.c.h; path = KonocoMapWindowController.h; sourceTree = "<group>"; };
		F6B0054512325F9C001DBD98 /* KonocoMapWindowController.m */ = {isa = PBXFileReference; fileEncoding = 4; lastKnownFileType = sourcecode.c.objc; path = KonocoMapWindowController.m; sourceTree = "<group>"; };
		F6B005981232630E001DBD98 /* Info.plist */ = {isa = PBXFileReference; fileEncoding = 4; lastKnownFileType = text.plist.xml; path = Info.plist; sourceTree = "<group>"; };
		F6D596591199F06A007E3C56 /* CoreLocation.framework */ = {isa = PBXFileReference; lastKnownFileType = wrapper.framework; name = CoreLocation.framework; path = System/Library/Frameworks/CoreLocation.framework; sourceTree = SDKROOT; };
		F6DC7D7E116C8260005DE7F1 /* QuartzCore.framework */ = {isa = PBXFileReference; lastKnownFileType = wrapper.framework; name = QuartzCore.framework; path = System/Library/Frameworks/QuartzCore.framework; sourceTree = SDKROOT; };
/* End PBXFileReference section */

/* Begin PBXFrameworksBuildPhase section */
		8D11072E0486CEB800E47090 /* Frameworks */ = {
			isa = PBXFrameworksBuildPhase;
			buildActionMask = 2147483647;
			files = (
				8D11072F0486CEB800E47090 /* Cocoa.framework in Frameworks */,
				F667563711F99DC200EEC8E1 /* KonocoMapKit.framework in Frameworks */,
				F667575411F9B51E00EEC8E1 /* CoreLocation.framework in Frameworks */,
			);
			runOnlyForDeploymentPostprocessing = 0;
		};
		F667562A11F99C9700EEC8E1 /* Frameworks */ = {
			isa = PBXFrameworksBuildPhase;
			buildActionMask = 2147483647;
			files = (
				F667564811F99E9D00EEC8E1 /* CoreLocation.framework in Frameworks */,
				F667564911F99EAF00EEC8E1 /* QuartzCore.framework in Frameworks */,
				F6964F6B122D99A600D490A6 /* libproj.dylib in Frameworks */,
			);
			runOnlyForDeploymentPostprocessing = 0;
		};
/* End PBXFrameworksBuildPhase section */

/* Begin PBXGroup section */
		1058C7A0FEA54F0111CA2CBB /* Linked Frameworks */ = {
			isa = PBXGroup;
			children = (
				F6964F6A122D99A600D490A6 /* libproj.dylib */,
				F6D596591199F06A007E3C56 /* CoreLocation.framework */,
				1058C7A1FEA54F0111CA2CBB /* Cocoa.framework */,
				F6DC7D7E116C8260005DE7F1 /* QuartzCore.framework */,
			);
			name = "Linked Frameworks";
			sourceTree = "<group>";
		};
		1058C7A2FEA54F0111CA2CBB /* Other Frameworks */ = {
			isa = PBXGroup;
			children = (
				29B97324FDCFA39411CA2CEA /* AppKit.framework */,
				29B97325FDCFA39411CA2CEA /* Foundation.framework */,
			);
			name = "Other Frameworks";
			sourceTree = "<group>";
		};
		19C28FACFE9D520D11CA2CBB /* Products */ = {
			isa = PBXGroup;
			children = (
				8D1107320486CEB800E47090 /* KonocoMap.app */,
				F667562C11F99C9700EEC8E1 /* KonocoMapKit.framework */,
			);
			name = Products;
			sourceTree = "<group>";
		};
		29B97314FDCFA39411CA2CEA /* Map */ = {
			isa = PBXGroup;
			children = (
				F667563211F99CD200EEC8E1 /* KonocoMapKit */,
				F6B0053A12325F9C001DBD98 /* KonocoMap */,
				29B97323FDCFA39411CA2CEA /* Frameworks */,
				19C28FACFE9D520D11CA2CBB /* Products */,
				F6977775116F80650089854D /* AUTHORS */,
				F6977779116F80920089854D /* COPYING */,
				F62EC56B11FDB37200607787 /* TODO.md */,
				F62EC56C11FDB38200607787 /* README.md */,
			);
			name = Map;
			sourceTree = "<group>";
		};
		29B97323FDCFA39411CA2CEA /* Frameworks */ = {
			isa = PBXGroup;
			children = (
				1058C7A0FEA54F0111CA2CBB /* Linked Frameworks */,
				1058C7A2FEA54F0111CA2CBB /* Other Frameworks */,
			);
			name = Frameworks;
			sourceTree = "<group>";
		};
		F667563211F99CD200EEC8E1 /* KonocoMapKit */ = {
			isa = PBXGroup;
			children = (
				F6964EAC122D975000D490A6 /* CoordinateConverter */,
				F6964EB0122D975000D490A6 /* DataSources */,
				F6964EB4122D975000D490A6 /* Layer */,
				F6964EBF122D975000D490A6 /* Views */,
				F667563311F99CE800EEC8E1 /* Info.plist */,
				F66756E211F9AEF000EEC8E1 /* KonocoMapKit_Prefix.pch */,
				F667569011F9A31700EEC8E1 /* KonocoMapKit.h */,
			);
			path = KonocoMapKit;
			sourceTree = "<group>";
		};
		F6964EAC122D975000D490A6 /* CoordinateConverter */ = {
			isa = PBXGroup;
			children = (
				F6964EAD122D975000D490A6 /* KonocoCoordinateConverter.h */,
				F6964EAE122D975000D490A6 /* KonocoCoordinateConverter.m */,
				F6964EAF122D975000D490A6 /* KonocoCoordinateRegion.h */,
			);
			name = CoordinateConverter;
			path = KonocoMapKit/CoordinateConverter;
			sourceTree = SOURCE_ROOT;
		};
		F6964EB0122D975000D490A6 /* DataSources */ = {
			isa = PBXGroup;
			children = (
				F6964EB1122D975000D490A6 /* KonocoMapTileSource.h */,
				F6964EB2122D975000D490A6 /* KonocoMapTileSource.m */,
				F6964EB3122D975000D490A6 /* KonocoTileSourceProtocol.h */,
			);
			name = DataSources;
			path = KonocoMapKit/DataSources;
			sourceTree = SOURCE_ROOT;
		};
		F6964EB4122D975000D490A6 /* Layer */ = {
			isa = PBXGroup;
			children = (
				F6964EB5122D975000D490A6 /* BaseLayer */,
				F6964EB8122D975000D490A6 /* HeatMapLayer */,
			);
			name = Layer;
			path = KonocoMapKit/Layer;
			sourceTree = SOURCE_ROOT;
		};
		F6964EB5122D975000D490A6 /* BaseLayer */ = {
			isa = PBXGroup;
			children = (
				F6964EB6122D975000D490A6 /* KonocoMapLayer.h */,
				F6964EB7122D975000D490A6 /* KonocoMapLayer.m */,
			);
			path = BaseLayer;
			sourceTree = "<group>";
		};
		F6964EB8122D975000D490A6 /* HeatMapLayer */ = {
			isa = PBXGroup;
			children = (
				F6964EB9122D975000D490A6 /* KonocoHeatMapCell.h */,
				F6964EBA122D975000D490A6 /* KonocoHeatMapCell.m */,
				F6964EBB122D975000D490A6 /* KonocoHeatMapLayer.h */,
				F6964EBC122D975000D490A6 /* KonocoHeatMapLayer.m */,
				F6964EBD122D975000D490A6 /* KonocoHeatMapSample.h */,
				F6964EBE122D975000D490A6 /* KonocoHeatMapSample.m */,
			);
			path = HeatMapLayer;
			sourceTree = "<group>";
		};
		F6964EBF122D975000D490A6 /* Views */ = {
			isa = PBXGroup;
			children = (
				F6964EC0122D975000D490A6 /* KonocoMapView.h */,
				F6964EC1122D975000D490A6 /* KonocoMapView.m */,
			);
			name = Views;
			path = KonocoMapKit/Views;
			sourceTree = SOURCE_ROOT;
		};
		F6B0053A12325F9C001DBD98 /* KonocoMap */ = {
			isa = PBXGroup;
			children = (
				F6B0054112325F9C001DBD98 /* KonocoMap_Prefix.pch */,
				F6B0053B12325F9C001DBD98 /* App */,
				F6B0054212325F9C001DBD98 /* MapWindow */,
			);
			path = KonocoMap;
			sourceTree = "<group>";
		};
		F6B0053B12325F9C001DBD98 /* App */ = {
			isa = PBXGroup;
			children = (
				F6B005981232630E001DBD98 /* Info.plist */,
				F6B0053D12325F9C001DBD98 /* main.m */,
				F6B0053E12325F9C001DBD98 /* MainMenu.xib */,
				F6B0053F12325F9C001DBD98 /* KonocoMapAppDelegate.h */,
				F6B0054012325F9C001DBD98 /* KonocoMapAppDelegate.m */,
			);
			path = App;
			sourceTree = "<group>";
		};
		F6B0054212325F9C001DBD98 /* MapWindow */ = {
			isa = PBXGroup;
			children = (
				F6B0054312325F9C001DBD98 /* KonocoMapWindow.xib */,
				F6B0054412325F9C001DBD98 /* KonocoMapWindowController.h */,
				F6B0054512325F9C001DBD98 /* KonocoMapWindowController.m */,
			);
			path = MapWindow;
			sourceTree = "<group>";
		};
/* End PBXGroup section */

/* Begin PBXHeadersBuildPhase section */
		F667562711F99C9700EEC8E1 /* Headers */ = {
			isa = PBXHeadersBuildPhase;
			buildActionMask = 2147483647;
			files = (
				F667569111F9A31700EEC8E1 /* KonocoMapKit.h in Headers */,
				F6964EC2122D975000D490A6 /* KonocoCoordinateConverter.h in Headers */,
				F6964EC4122D975000D490A6 /* KonocoCoordinateRegion.h in Headers */,
				F6964EC5122D975000D490A6 /* KonocoMapTileSource.h in Headers */,
				F6964EC7122D975000D490A6 /* KonocoTileSourceProtocol.h in Headers */,
				F6964EC8122D975000D490A6 /* KonocoMapLayer.h in Headers */,
				F6964ECA122D975000D490A6 /* KonocoHeatMapCell.h in Headers */,
				F6964ECC122D975000D490A6 /* KonocoHeatMapLayer.h in Headers */,
				F6964ECE122D975000D490A6 /* KonocoHeatMapSample.h in Headers */,
				F6964ED0122D975000D490A6 /* KonocoMapView.h in Headers */,
			);
			runOnlyForDeploymentPostprocessing = 0;
		};
/* End PBXHeadersBuildPhase section */

/* Begin PBXNativeTarget section */
		8D1107260486CEB800E47090 /* KonocoMap */ = {
			isa = PBXNativeTarget;
			buildConfigurationList = C01FCF4A08A954540054247B /* Build configuration list for PBXNativeTarget "KonocoMap" */;
			buildPhases = (
				8D1107290486CEB800E47090 /* Resources */,
				8D11072C0486CEB800E47090 /* Sources */,
				8D11072E0486CEB800E47090 /* Frameworks */,
			);
			buildRules = (
			);
			dependencies = (
				F667563911F99DD600EEC8E1 /* PBXTargetDependency */,
			);
			name = KonocoMap;
			productInstallPath = "$(HOME)/Applications";
			productName = Map;
			productReference = 8D1107320486CEB800E47090 /* KonocoMap.app */;
			productType = "com.apple.product-type.application";
		};
		F667562B11F99C9700EEC8E1 /* KonocoMapKit */ = {
			isa = PBXNativeTarget;
			buildConfigurationList = F667563011F99C9800EEC8E1 /* Build configuration list for PBXNativeTarget "KonocoMapKit" */;
			buildPhases = (
				F667562711F99C9700EEC8E1 /* Headers */,
				F667562811F99C9700EEC8E1 /* Resources */,
				F667562911F99C9700EEC8E1 /* Sources */,
				F667562A11F99C9700EEC8E1 /* Frameworks */,
			);
			buildRules = (
			);
			dependencies = (
			);
			name = KonocoMapKit;
			productName = MapKit;
			productReference = F667562C11F99C9700EEC8E1 /* KonocoMapKit.framework */;
			productType = "com.apple.product-type.framework";
		};
/* End PBXNativeTarget section */

/* Begin PBXProject section */
		29B97313FDCFA39411CA2CEA /* Project object */ = {
			isa = PBXProject;
			attributes = {
				ORGANIZATIONNAME = Konoco;
			};
			buildConfigurationList = C01FCF4E08A954540054247B /* Build configuration list for PBXProject "KonocoMap" */;
			compatibilityVersion = "Xcode 3.2";
			developmentRegion = English;
			hasScannedForEncodings = 1;
			knownRegions = (
				en,
			);
			mainGroup = 29B97314FDCFA39411CA2CEA /* Map */;
			projectDirPath = "";
			projectRoot = "";
			targets = (
				8D1107260486CEB800E47090 /* KonocoMap */,
				F667562B11F99C9700EEC8E1 /* KonocoMapKit */,
			);
		};
/* End PBXProject section */

/* Begin PBXResourcesBuildPhase section */
		8D1107290486CEB800E47090 /* Resources */ = {
			isa = PBXResourcesBuildPhase;
			buildActionMask = 2147483647;
			files = (
				F6977776116F80650089854D /* AUTHORS in Resources */,
				F697777A116F80920089854D /* COPYING in Resources */,
				F6B0054812325F9C001DBD98 /* MainMenu.xib in Resources */,
				F6B0054A12325F9C001DBD98 /* KonocoMapWindow.xib in Resources */,
			);
			runOnlyForDeploymentPostprocessing = 0;
		};
		F667562811F99C9700EEC8E1 /* Resources */ = {
			isa = PBXResourcesBuildPhase;
			buildActionMask = 2147483647;
			files = (
			);
			runOnlyForDeploymentPostprocessing = 0;
		};
/* End PBXResourcesBuildPhase section */

/* Begin PBXSourcesBuildPhase section */
		8D11072C0486CEB800E47090 /* Sources */ = {
			isa = PBXSourcesBuildPhase;
			buildActionMask = 2147483647;
			files = (
				F6B0054712325F9C001DBD98 /* main.m in Sources */,
				F6B0054912325F9C001DBD98 /* KonocoMapAppDelegate.m in Sources */,
				F6B0054B12325F9C001DBD98 /* KonocoMapWindowController.m in Sources */,
			);
			runOnlyForDeploymentPostprocessing = 0;
		};
		F667562911F99C9700EEC8E1 /* Sources */ = {
			isa = PBXSourcesBuildPhase;
			buildActionMask = 2147483647;
			files = (
				F6964EC3122D975000D490A6 /* KonocoCoordinateConverter.m in Sources */,
				F6964EC6122D975000D490A6 /* KonocoMapTileSource.m in Sources */,
				F6964EC9122D975000D490A6 /* KonocoMapLayer.m in Sources */,
				F6964ECB122D975000D490A6 /* KonocoHeatMapCell.m in Sources */,
				F6964ECD122D975000D490A6 /* KonocoHeatMapLayer.m in Sources */,
				F6964ECF122D975000D490A6 /* KonocoHeatMapSample.m in Sources */,
				F6964ED1122D975000D490A6 /* KonocoMapView.m in Sources */,
			);
			runOnlyForDeploymentPostprocessing = 0;
		};
/* End PBXSourcesBuildPhase section */

/* Begin PBXTargetDependency section */
		F667563911F99DD600EEC8E1 /* PBXTargetDependency */ = {
			isa = PBXTargetDependency;
			target = F667562B11F99C9700EEC8E1 /* KonocoMapKit */;
			targetProxy = F667563811F99DD600EEC8E1 /* PBXContainerItemProxy */;
		};
/* End PBXTargetDependency section */

/* Begin XCBuildConfiguration section */
		C01FCF4B08A954540054247B /* Debug */ = {
			isa = XCBuildConfiguration;
			buildSettings = {
				ALWAYS_SEARCH_USER_PATHS = NO;
				COPY_PHASE_STRIP = NO;
				GCC_DYNAMIC_NO_PIC = NO;
				GCC_ENABLE_FIX_AND_CONTINUE = YES;
				GCC_MODEL_TUNING = G5;
				GCC_OPTIMIZATION_LEVEL = 0;
				GCC_PRECOMPILE_PREFIX_HEADER = YES;
				GCC_PREFIX_HEADER = KonocoMap/KonocoMap_Prefix.pch;
				INFOPLIST_FILE = KonocoMap/App/Info.plist;
				INSTALL_PATH = "$(HOME)/Applications";
				LIBRARY_SEARCH_PATHS = "$(inherited)";
				PRODUCT_NAME = KonocoMap;
			};
			name = Debug;
		};
		C01FCF4C08A954540054247B /* Release */ = {
			isa = XCBuildConfiguration;
			buildSettings = {
				ALWAYS_SEARCH_USER_PATHS = NO;
				DEBUG_INFORMATION_FORMAT = "dwarf-with-dsym";
				GCC_MODEL_TUNING = G5;
				GCC_PRECOMPILE_PREFIX_HEADER = YES;
				GCC_PREFIX_HEADER = KonocoMap/KonocoMap_Prefix.pch;
				INFOPLIST_FILE = KonocoMap/App/Info.plist;
				INSTALL_PATH = "$(HOME)/Applications";
				LIBRARY_SEARCH_PATHS = "$(inherited)";
				PRODUCT_NAME = KonocoMap;
			};
			name = Release;
		};
		C01FCF4F08A954540054247B /* Debug */ = {
			isa = XCBuildConfiguration;
			buildSettings = {
				ARCHS = "$(ARCHS_STANDARD_64_BIT)";
				FRAMEWORK_SEARCH_PATHS = "";
				GCC_C_LANGUAGE_STANDARD = gnu99;
				GCC_OPTIMIZATION_LEVEL = 0;
				GCC_VERSION = com.apple.compilers.llvm.clang.1_0;
				GCC_WARN_ABOUT_RETURN_TYPE = YES;
				GCC_WARN_UNUSED_VARIABLE = YES;
				HEADER_SEARCH_PATHS = (
					/usr/local/include/,
					/opt/local/include/,
				);
				MACOSX_DEPLOYMENT_TARGET = 10.6;
				ONLY_ACTIVE_ARCH = YES;
				OTHER_CFLAGS = "-DDEBUG=1";
				PREBINDING = NO;
				SDKROOT = macosx10.6;
			};
			name = Debug;
		};
		C01FCF5008A954540054247B /* Release */ = {
			isa = XCBuildConfiguration;
			buildSettings = {
				ARCHS = "$(ARCHS_STANDARD_64_BIT)";
				FRAMEWORK_SEARCH_PATHS = "";
				GCC_C_LANGUAGE_STANDARD = gnu99;
				GCC_OPTIMIZATION_LEVEL = s;
				GCC_VERSION = com.apple.compilers.llvm.clang.1_0;
				GCC_WARN_ABOUT_RETURN_TYPE = YES;
				GCC_WARN_UNUSED_VARIABLE = YES;
				HEADER_SEARCH_PATHS = (
					/usr/local/include/,
					/opt/local/include/,
				);
				MACOSX_DEPLOYMENT_TARGET = 10.6;
				PREBINDING = NO;
				SDKROOT = macosx10.6;
			};
			name = Release;
		};
		F667562E11F99C9800EEC8E1 /* Debug */ = {
			isa = XCBuildConfiguration;
			buildSettings = {
				ALWAYS_SEARCH_USER_PATHS = NO;
				COPY_PHASE_STRIP = NO;
				DYLIB_COMPATIBILITY_VERSION = 1;
				DYLIB_CURRENT_VERSION = 1;
				FRAMEWORK_VERSION = A;
				GCC_DYNAMIC_NO_PIC = NO;
				GCC_ENABLE_FIX_AND_CONTINUE = YES;
				GCC_MODEL_TUNING = G5;
				GCC_OPTIMIZATION_LEVEL = 0;
				GCC_PRECOMPILE_PREFIX_HEADER = YES;
				GCC_PREFIX_HEADER = KonocoMapKit/KonocoMapKit_Prefix.pch;
				INFOPLIST_FILE = KonocoMapKit/Info.plist;
				INSTALL_PATH = "$(HOME)/Library/Frameworks";
				LIBRARY_SEARCH_PATHS = "$(inherited)";
				OTHER_LDFLAGS = (
					"-framework",
					Foundation,
					"-framework",
					AppKit,
				);
				PREBINDING = NO;
				PRODUCT_NAME = KonocoMapKit;
			};
			name = Debug;
		};
		F667562F11F99C9800EEC8E1 /* Release */ = {
			isa = XCBuildConfiguration;
			buildSettings = {
				ALWAYS_SEARCH_USER_PATHS = NO;
				COPY_PHASE_STRIP = YES;
				DEBUG_INFORMATION_FORMAT = "dwarf-with-dsym";
				DYLIB_COMPATIBILITY_VERSION = 1;
				DYLIB_CURRENT_VERSION = 1;
				FRAMEWORK_VERSION = A;
				GCC_ENABLE_FIX_AND_CONTINUE = NO;
				GCC_MODEL_TUNING = G5;
				GCC_PRECOMPILE_PREFIX_HEADER = YES;
				GCC_PREFIX_HEADER = KonocoMapKit/KonocoMapKit_Prefix.pch;
				INFOPLIST_FILE = KonocoMapKit/Info.plist;
				INSTALL_PATH = "$(HOME)/Library/Frameworks";
				LIBRARY_SEARCH_PATHS = "$(inherited)";
				OTHER_LDFLAGS = (
					"-framework",
					Foundation,
					"-framework",
					AppKit,
				);
				PREBINDING = NO;
				PRODUCT_NAME = KonocoMapKit;
				ZERO_LINK = NO;
			};
			name = Release;
		};
/* End XCBuildConfiguration section */

/* Begin XCConfigurationList section */
		C01FCF4A08A954540054247B /* Build configuration list for PBXNativeTarget "KonocoMap" */ = {
			isa = XCConfigurationList;
			buildConfigurations = (
				C01FCF4B08A954540054247B /* Debug */,
				C01FCF4C08A954540054247B /* Release */,
			);
			defaultConfigurationIsVisible = 0;
			defaultConfigurationName = Release;
		};
		C01FCF4E08A954540054247B /* Build configuration list for PBXProject "KonocoMap" */ = {
			isa = XCConfigurationList;
			buildConfigurations = (
				C01FCF4F08A954540054247B /* Debug */,
				C01FCF5008A954540054247B /* Release */,
			);
			defaultConfigurationIsVisible = 0;
			defaultConfigurationName = Release;
		};
		F667563011F99C9800EEC8E1 /* Build configuration list for PBXNativeTarget "KonocoMapKit" */ = {
			isa = XCConfigurationList;
			buildConfigurations = (
				F667562E11F99C9800EEC8E1 /* Debug */,
				F667562F11F99C9800EEC8E1 /* Release */,
			);
			defaultConfigurationIsVisible = 0;
			defaultConfigurationName = Release;
		};
/* End XCConfigurationList section */
	};
	rootObject = 29B97313FDCFA39411CA2CEA /* Project object */;
}
